
Microsoft Visual Studio Solution File, Format Version 12.00
# Visual Studio 15
VisualStudioVersion = 15.0.26403.7
MinimumVisualStudioVersion = 10.0.40219.1
Project("{9A19103F-16F7-4668-BE54-9A1E7A4F7556}") = "MeetingFriendsBackEnd", "MeetingFriendsBackEnd\MeetingFriendsBackEnd.csproj", "{66233277-27DF-495B-9EFA-B5B85EB6CD5F}"
EndProject
Project("{FAE04EC0-301F-11D3-BF4B-00C04F79EFBC}") = "App.Data", "App.Data\App.Data.csproj", "{8A9ABEFF-5DBB-47E8-B0CF-AC425D8AF95E}"
EndProject
Project("{FAE04EC0-301F-11D3-BF4B-00C04F79EFBC}") = "App.Services", "App.Services\App.Services.csproj", "{02228991-1839-4AC8-80DF-5E36B42B7877}"
EndProject
Project("{FAE04EC0-301F-11D3-BF4B-00C04F79EFBC}") = "App.Repo", "App.Repo\App.Repo.csproj", "{025D6740-E1B0-43F6-8AF1-0F446FFA69CC}"
EndProject
Global
	GlobalSection(SolutionConfigurationPlatforms) = preSolution
		Debug|Any CPU = Debug|Any CPU
		Release|Any CPU = Release|Any CPU
	EndGlobalSection
	GlobalSection(ProjectConfigurationPlatforms) = postSolution
		{66233277-27DF-495B-9EFA-B5B85EB6CD5F}.Debug|Any CPU.ActiveCfg = Debug|Any CPU
		{66233277-27DF-495B-9EFA-B5B85EB6CD5F}.Debug|Any CPU.Build.0 = Debug|Any CPU
		{66233277-27DF-495B-9EFA-B5B85EB6CD5F}.Release|Any CPU.ActiveCfg = Release|Any CPU
		{66233277-27DF-495B-9EFA-B5B85EB6CD5F}.Release|Any CPU.Build.0 = Release|Any CPU
		{8A9ABEFF-5DBB-47E8-B0CF-AC425D8AF95E}.Debug|Any CPU.ActiveCfg = Debug|Any CPU
		{8A9ABEFF-5DBB-47E8-B0CF-AC425D8AF95E}.Debug|Any CPU.Build.0 = Debug|Any CPU
		{8A9ABEFF-5DBB-47E8-B0CF-AC425D8AF95E}.Release|Any CPU.ActiveCfg = Release|Any CPU
		{8A9ABEFF-5DBB-47E8-B0CF-AC425D8AF95E}.Release|Any CPU.Build.0 = Release|Any CPU
		{02228991-1839-4AC8-80DF-5E36B42B7877}.Debug|Any CPU.ActiveCfg = Debug|Any CPU
		{02228991-1839-4AC8-80DF-5E36B42B7877}.Debug|Any CPU.Build.0 = Debug|Any CPU
		{02228991-1839-4AC8-80DF-5E36B42B7877}.Release|Any CPU.ActiveCfg = Release|Any CPU
		{02228991-1839-4AC8-80DF-5E36B42B7877}.Release|Any CPU.Build.0 = Release|Any CPU
		{025D6740-E1B0-43F6-8AF1-0F446FFA69CC}.Debug|Any CPU.ActiveCfg = Debug|Any CPU
		{025D6740-E1B0-43F6-8AF1-0F446FFA69CC}.Debug|Any CPU.Build.0 = Debug|Any CPU
		{025D6740-E1B0-43F6-8AF1-0F446FFA69CC}.Release|Any CPU.ActiveCfg = Release|Any CPU
		{025D6740-E1B0-43F6-8AF1-0F446FFA69CC}.Release|Any CPU.Build.0 = Release|Any CPU
	EndGlobalSection
	GlobalSection(SolutionProperties) = preSolution
		HideSolutionNode = FALSE
	EndGlobalSection
EndGlobal
